// !$*UTF8*$!
{
	archiveVersion = 1;
	classes = {
	};
	objectVersion = 46;
	objects = {

/* Begin PBXBuildFile section */
		8EC8D0E718DB354400CF1CF7 /* Foundation.framework in Frameworks */ = {isa = PBXBuildFile; fileRef = 8EC8D0E618DB354400CF1CF7 /* Foundation.framework */; };
		8EC8D0E918DB354400CF1CF7 /* CoreGraphics.framework in Frameworks */ = {isa = PBXBuildFile; fileRef = 8EC8D0E818DB354400CF1CF7 /* CoreGraphics.framework */; };
		8EC8D0EB18DB354400CF1CF7 /* UIKit.framework in Frameworks */ = {isa = PBXBuildFile; fileRef = 8EC8D0EA18DB354400CF1CF7 /* UIKit.framework */; };
		8EC8D0F118DB354400CF1CF7 /* InfoPlist.strings in Resources */ = {isa = PBXBuildFile; fileRef = 8EC8D0EF18DB354400CF1CF7 /* InfoPlist.strings */; };
		8EC8D0F318DB354400CF1CF7 /* main.m in Sources */ = {isa = PBXBuildFile; fileRef = 8EC8D0F218DB354400CF1CF7 /* main.m */; };
		8EC8D0F718DB354400CF1CF7 /* AppDelegate.m in Sources */ = {isa = PBXBuildFile; fileRef = 8EC8D0F618DB354400CF1CF7 /* AppDelegate.m */; };
		8EC8D0FA18DB354400CF1CF7 /* Main.storyboard in Resources */ = {isa = PBXBuildFile; fileRef = 8EC8D0F818DB354400CF1CF7 /* Main.storyboard */; };
		8EC8D0FD18DB354400CF1CF7 /* ViewController.m in Sources */ = {isa = PBXBuildFile; fileRef = 8EC8D0FC18DB354400CF1CF7 /* ViewController.m */; };
		8EC8D0FF18DB354400CF1CF7 /* Images.xcassets in Resources */ = {isa = PBXBuildFile; fileRef = 8EC8D0FE18DB354400CF1CF7 /* Images.xcassets */; };
		8EC8D10618DB354400CF1CF7 /* XCTest.framework in Frameworks */ = {isa = PBXBuildFile; fileRef = 8EC8D10518DB354400CF1CF7 /* XCTest.framework */; };
		8EC8D10718DB354400CF1CF7 /* Foundation.framework in Frameworks */ = {isa = PBXBuildFile; fileRef = 8EC8D0E618DB354400CF1CF7 /* Foundation.framework */; };
		8EC8D10818DB354400CF1CF7 /* UIKit.framework in Frameworks */ = {isa = PBXBuildFile; fileRef = 8EC8D0EA18DB354400CF1CF7 /* UIKit.framework */; };
		8EC8D11018DB354400CF1CF7 /* InfoPlist.strings in Resources */ = {isa = PBXBuildFile; fileRef = 8EC8D10E18DB354400CF1CF7 /* InfoPlist.strings */; };
		8EC8D11218DB354500CF1CF7 /* SectionedTableViewTests.m in Sources */ = {isa = PBXBuildFile; fileRef = 8EC8D11118DB354400CF1CF7 /* SectionedTableViewTests.m */; };
/* End PBXBuildFile section */

/* Begin PBXContainerItemProxy section */
		8EC8D10918DB354400CF1CF7 /* PBXContainerItemProxy */ = {
			isa = PBXContainerItemProxy;
			containerPortal = 8EC8D0DB18DB354400CF1CF7 /* Project object */;
			proxyType = 1;
			remoteGlobalIDString = 8EC8D0E218DB354400CF1CF7;
			remoteInfo = SectionedTableView;
		};
/* End PBXContainerItemProxy section */

/* Begin PBXFileReference section */
		8EC8D0E318DB354400CF1CF7 /* SectionedTableView.app */ = {isa = PBXFileReference; explicitFileType = wrapper.application; includeInIndex = 0; path = SectionedTableView.app; sourceTree = BUILT_PRODUCTS_DIR; };
		8EC8D0E618DB354400CF1CF7 /* Foundation.framework */ = {isa = PBXFileReference; lastKnownFileType = wrapper.framework; name = Foundation.framework; path = System/Library/Frameworks/Foundation.framework; sourceTree = SDKROOT; };
		8EC8D0E818DB354400CF1CF7 /* CoreGraphics.framework */ = {isa = PBXFileReference; lastKnownFileType = wrapper.framework; name = CoreGraphics.framework; path = System/Library/Frameworks/CoreGraphics.framework; sourceTree = SDKROOT; };
		8EC8D0EA18DB354400CF1CF7 /* UIKit.framework */ = {isa = PBXFileReference; lastKnownFileType = wrapper.framework; name = UIKit.framework; path = System/Library/Frameworks/UIKit.framework; sourceTree = SDKROOT; };
		8EC8D0EE18DB354400CF1CF7 /* SectionedTableView-Info.plist */ = {isa = PBXFileReference; lastKnownFileType = text.plist.xml; path = "SectionedTableView-Info.plist"; sourceTree = "<group>"; };
		8EC8D0F018DB354400CF1CF7 /* en */ = {isa = PBXFileReference; lastKnownFileType = text.plist.strings; name = en; path = en.lproj/InfoPlist.strings; sourceTree = "<group>"; };
		8EC8D0F218DB354400CF1CF7 /* main.m */ = {isa = PBXFileReference; lastKnownFileType = sourcecode.c.objc; path = main.m; sourceTree = "<group>"; };
		8EC8D0F418DB354400CF1CF7 /* SectionedTableView-Prefix.pch */ = {isa = PBXFileReference; lastKnownFileType = sourcecode.c.h; path = "SectionedTableView-Prefix.pch"; sourceTree = "<group>"; };
		8EC8D0F518DB354400CF1CF7 /* AppDelegate.h */ = {isa = PBXFileReference; lastKnownFileType = sourcecode.c.h; path = AppDelegate.h; sourceTree = "<group>"; };
		8EC8D0F618DB354400CF1CF7 /* AppDelegate.m */ = {isa = PBXFileReference; lastKnownFileType = sourcecode.c.objc; path = AppDelegate.m; sourceTree = "<group>"; };
		8EC8D0F918DB354400CF1CF7 /* Base */ = {isa = PBXFileReference; lastKnownFileType = file.storyboard; name = Base; path = Base.lproj/Main.storyboard; sourceTree = "<group>"; };
		8EC8D0FB18DB354400CF1CF7 /* ViewController.h */ = {isa = PBXFileReference; lastKnownFileType = sourcecode.c.h; path = ViewController.h; sourceTree = "<group>"; };
		8EC8D0FC18DB354400CF1CF7 /* ViewController.m */ = {isa = PBXFileReference; lastKnownFileType = sourcecode.c.objc; path = ViewController.m; sourceTree = "<group>"; };
		8EC8D0FE18DB354400CF1CF7 /* Images.xcassets */ = {isa = PBXFileReference; lastKnownFileType = folder.assetcatalog; path = Images.xcassets; sourceTree = "<group>"; };
		8EC8D10418DB354400CF1CF7 /* SectionedTableViewTests.xctest */ = {isa = PBXFileReference; explicitFileType = wrapper.cfbundle; includeInIndex = 0; path = SectionedTableViewTests.xctest; sourceTree = BUILT_PRODUCTS_DIR; };
		8EC8D10518DB354400CF1CF7 /* XCTest.framework */ = {isa = PBXFileReference; lastKnownFileType = wrapper.framework; name = XCTest.framework; path = Library/Frameworks/XCTest.framework; sourceTree = DEVELOPER_DIR; };
		8EC8D10D18DB354400CF1CF7 /* SectionedTableViewTests-Info.plist */ = {isa = PBXFileReference; lastKnownFileType = text.plist.xml; path = "SectionedTableViewTests-Info.plist"; sourceTree = "<group>"; };
		8EC8D10F18DB354400CF1CF7 /* en */ = {isa = PBXFileReference; lastKnownFileType = text.plist.strings; name = en; path = en.lproj/InfoPlist.strings; sourceTree = "<group>"; };
		8EC8D11118DB354400CF1CF7 /* SectionedTableViewTests.m */ = {isa = PBXFileReference; lastKnownFileType = sourcecode.c.objc; path = SectionedTableViewTests.m; sourceTree = "<group>"; };
/* End PBXFileReference section */

/* Begin PBXFrameworksBuildPhase section */
		8EC8D0E018DB354400CF1CF7 /* Frameworks */ = {
			isa = PBXFrameworksBuildPhase;
			buildActionMask = 2147483647;
			files = (
				8EC8D0E918DB354400CF1CF7 /* CoreGraphics.framework in Frameworks */,
				8EC8D0EB18DB354400CF1CF7 /* UIKit.framework in Frameworks */,
				8EC8D0E718DB354400CF1CF7 /* Foundation.framework in Frameworks */,
			);
			runOnlyForDeploymentPostprocessing = 0;
		};
		8EC8D10118DB354400CF1CF7 /* Frameworks */ = {
			isa = PBXFrameworksBuildPhase;
			buildActionMask = 2147483647;
			files = (
				8EC8D10618DB354400CF1CF7 /* XCTest.framework in Frameworks */,
				8EC8D10818DB354400CF1CF7 /* UIKit.framework in Frameworks */,
				8EC8D10718DB354400CF1CF7 /* Foundation.framework in Frameworks */,
			);
			runOnlyForDeploymentPostprocessing = 0;
		};
/* End PBXFrameworksBuildPhase section */

/* Begin PBXGroup section */
		8EC8D0DA18DB354400CF1CF7 = {
			isa = PBXGroup;
			children = (
				8EC8D0EC18DB354400CF1CF7 /* SectionedTableView */,
				8EC8D10B18DB354400CF1CF7 /* SectionedTableViewTests */,
				8EC8D0E518DB354400CF1CF7 /* Frameworks */,
				8EC8D0E418DB354400CF1CF7 /* Products */,
			);
			sourceTree = "<group>";
		};
		8EC8D0E418DB354400CF1CF7 /* Products */ = {
			isa = PBXGroup;
			children = (
				8EC8D0E318DB354400CF1CF7 /* SectionedTableView.app */,
				8EC8D10418DB354400CF1CF7 /* SectionedTableViewTests.xctest */,
			);
			name = Products;
			sourceTree = "<group>";
		};
		8EC8D0E518DB354400CF1CF7 /* Frameworks */ = {
			isa = PBXGroup;
			children = (
				8EC8D0E618DB354400CF1CF7 /* Foundation.framework */,
				8EC8D0E818DB354400CF1CF7 /* CoreGraphics.framework */,
				8EC8D0EA18DB354400CF1CF7 /* UIKit.framework */,
				8EC8D10518DB354400CF1CF7 /* XCTest.framework */,
			);
			name = Frameworks;
			sourceTree = "<group>";
		};
		8EC8D0EC18DB354400CF1CF7 /* SectionedTableView */ = {
			isa = PBXGroup;
			children = (
				8EC8D0F518DB354400CF1CF7 /* AppDelegate.h */,
				8EC8D0F618DB354400CF1CF7 /* AppDelegate.m */,
				8EC8D0F818DB354400CF1CF7 /* Main.storyboard */,
				8EC8D0FB18DB354400CF1CF7 /* ViewController.h */,
				8EC8D0FC18DB354400CF1CF7 /* ViewController.m */,
				8EC8D0FE18DB354400CF1CF7 /* Images.xcassets */,
				8EC8D0ED18DB354400CF1CF7 /* Supporting Files */,
			);
			path = SectionedTableView;
			sourceTree = "<group>";
		};
		8EC8D0ED18DB354400CF1CF7 /* Supporting Files */ = {
			isa = PBXGroup;
			children = (
				8EC8D0EE18DB354400CF1CF7 /* SectionedTableView-Info.plist */,
				8EC8D0EF18DB354400CF1CF7 /* InfoPlist.strings */,
				8EC8D0F218DB354400CF1CF7 /* main.m */,
				8EC8D0F418DB354400CF1CF7 /* SectionedTableView-Prefix.pch */,
			);
			name = "Supporting Files";
			sourceTree = "<group>";
		};
		8EC8D10B18DB354400CF1CF7 /* SectionedTableViewTests */ = {
			isa = PBXGroup;
			children = (
				8EC8D11118DB354400CF1CF7 /* SectionedTableViewTests.m */,
				8EC8D10C18DB354400CF1CF7 /* Supporting Files */,
			);
			path = SectionedTableViewTests;
			sourceTree = "<group>";
		};
		8EC8D10C18DB354400CF1CF7 /* Supporting Files */ = {
			isa = PBXGroup;
			children = (
				8EC8D10D18DB354400CF1CF7 /* SectionedTableViewTests-Info.plist */,
				8EC8D10E18DB354400CF1CF7 /* InfoPlist.strings */,
			);
			name = "Supporting Files";
			sourceTree = "<group>";
		};
/* End PBXGroup section */

/* Begin PBXNativeTarget section */
		8EC8D0E218DB354400CF1CF7 /* SectionedTableView */ = {
			isa = PBXNativeTarget;
			buildConfigurationList = 8EC8D11518DB354500CF1CF7 /* Build configuration list for PBXNativeTarget "SectionedTableView" */;
			buildPhases = (
				8EC8D0DF18DB354400CF1CF7 /* Sources */,
				8EC8D0E018DB354400CF1CF7 /* Frameworks */,
				8EC8D0E118DB354400CF1CF7 /* Resources */,
			);
			buildRules = (
			);
			dependencies = (
			);
			name = SectionedTableView;
			productName = SectionedTableView;
			productReference = 8EC8D0E318DB354400CF1CF7 /* SectionedTableView.app */;
			productType = "com.apple.product-type.application";
		};
		8EC8D10318DB354400CF1CF7 /* SectionedTableViewTests */ = {
			isa = PBXNativeTarget;
			buildConfigurationList = 8EC8D11818DB354500CF1CF7 /* Build configuration list for PBXNativeTarget "SectionedTableViewTests" */;
			buildPhases = (
				8EC8D10018DB354400CF1CF7 /* Sources */,
				8EC8D10118DB354400CF1CF7 /* Frameworks */,
				8EC8D10218DB354400CF1CF7 /* Resources */,
			);
			buildRules = (
			);
			dependencies = (
				8EC8D10A18DB354400CF1CF7 /* PBXTargetDependency */,
			);
			name = SectionedTableViewTests;
			productName = SectionedTableViewTests;
			productReference = 8EC8D10418DB354400CF1CF7 /* SectionedTableViewTests.xctest */;
			productType = "com.apple.product-type.bundle.unit-test";
		};
/* End PBXNativeTarget section */

/* Begin PBXProject section */
		8EC8D0DB18DB354400CF1CF7 /* Project object */ = {
			isa = PBXProject;
			attributes = {
				LastUpgradeCheck = 0510;
				ORGANIZATIONNAME = DallasJohnson;
				TargetAttributes = {
					8EC8D10318DB354400CF1CF7 = {
						TestTargetID = 8EC8D0E218DB354400CF1CF7;
					};
				};
			};
			buildConfigurationList = 8EC8D0DE18DB354400CF1CF7 /* Build configuration list for PBXProject "SectionedTableView" */;
			compatibilityVersion = "Xcode 3.2";
			developmentRegion = English;
			hasScannedForEncodings = 0;
			knownRegions = (
				en,
				Base,
			);
			mainGroup = 8EC8D0DA18DB354400CF1CF7;
			productRefGroup = 8EC8D0E418DB354400CF1CF7 /* Products */;
			projectDirPath = "";
			projectRoot = "";
			targets = (
				8EC8D0E218DB354400CF1CF7 /* SectionedTableView */,
				8EC8D10318DB354400CF1CF7 /* SectionedTableViewTests */,
			);
		};
/* End PBXProject section */

/* Begin PBXResourcesBuildPhase section */
		8EC8D0E118DB354400CF1CF7 /* Resources */ = {
			isa = PBXResourcesBuildPhase;
			buildActionMask = 2147483647;
			files = (
				8EC8D0FF18DB354400CF1CF7 /* Images.xcassets in Resources */,
				8EC8D0F118DB354400CF1CF7 /* InfoPlist.strings in Resources */,
				8EC8D0FA18DB354400CF1CF7 /* Main.storyboard in Resources */,
			);
			runOnlyForDeploymentPostprocessing = 0;
		};
		8EC8D10218DB354400CF1CF7 /* Resources */ = {
			isa = PBXResourcesBuildPhase;
			buildActionMask = 2147483647;
			files = (
				8EC8D11018DB354400CF1CF7 /* InfoPlist.strings in Resources */,
			);
			runOnlyForDeploymentPostprocessing = 0;
		};
/* End PBXResourcesBuildPhase section */

/* Begin PBXSourcesBuildPhase section */
		8EC8D0DF18DB354400CF1CF7 /* Sources */ = {
			isa = PBXSourcesBuildPhase;
			buildActionMask = 2147483647;
			files = (
				8EC8D0FD18DB354400CF1CF7 /* ViewController.m in Sources */,
				8EC8D0F718DB354400CF1CF7 /* AppDelegate.m in Sources */,
				8EC8D0F318DB354400CF1CF7 /* main.m in Sources */,
			);
			runOnlyForDeploymentPostprocessing = 0;
		};
		8EC8D10018DB354400CF1CF7 /* Sources */ = {
			isa = PBXSourcesBuildPhase;
			buildActionMask = 2147483647;
			files = (
				8EC8D11218DB354500CF1CF7 /* SectionedTableViewTests.m in Sources */,
			);
			runOnlyForDeploymentPostprocessing = 0;
		};
/* End PBXSourcesBuildPhase section */

/* Begin PBXTargetDependency section */
		8EC8D10A18DB354400CF1CF7 /* PBXTargetDependency */ = {
			isa = PBXTargetDependency;
			target = 8EC8D0E218DB354400CF1CF7 /* SectionedTableView */;
			targetProxy = 8EC8D10918DB354400CF1CF7 /* PBXContainerItemProxy */;
		};
/* End PBXTargetDependency section */

/* Begin PBXVariantGroup section */
		8EC8D0EF18DB354400CF1CF7 /* InfoPlist.strings */ = {
			isa = PBXVariantGroup;
			children = (
				8EC8D0F018DB354400CF1CF7 /* en */,
			);
			name = InfoPlist.strings;
			sourceTree = "<group>";
		};
		8EC8D0F818DB354400CF1CF7 /* Main.storyboard */ = {
			isa = PBXVariantGroup;
			children = (
				8EC8D0F918DB354400CF1CF7 /* Base */,
			);
			name = Main.storyboard;
			sourceTree = "<group>";
		};
		8EC8D10E18DB354400CF1CF7 /* InfoPlist.strings */ = {
			isa = PBXVariantGroup;
			children = (
				8EC8D10F18DB354400CF1CF7 /* en */,
			);
			name = InfoPlist.strings;
			sourceTree = "<group>";
		};
/* End PBXVariantGroup section */

/* Begin XCBuildConfiguration section */
		8EC8D11318DB354500CF1CF7 /* Debug */ = {
			isa = XCBuildConfiguration;
			buildSettings = {
				ALWAYS_SEARCH_USER_PATHS = NO;
				CLANG_CXX_LANGUAGE_STANDARD = "gnu++0x";
				CLANG_CXX_LIBRARY = "libc++";
				CLANG_ENABLE_MODULES = YES;
				CLANG_ENABLE_OBJC_ARC = YES;
				CLANG_WARN_BOOL_CONVERSION = YES;
				CLANG_WARN_CONSTANT_CONVERSION = YES;
				CLANG_WARN_DIRECT_OBJC_ISA_USAGE = YES_ERROR;
				CLANG_WARN_EMPTY_BODY = YES;
				CLANG_WARN_ENUM_CONVERSION = YES;
				CLANG_WARN_INT_CONVERSION = YES;
				CLANG_WARN_OBJC_ROOT_CLASS = YES_ERROR;
				CLANG_WARN__DUPLICATE_METHOD_MATCH = YES;
				"CODE_SIGN_IDENTITY[sdk=iphoneos*]" = "iPhone Developer";
				COPY_PHASE_STRIP = NO;
				GCC_C_LANGUAGE_STANDARD = gnu99;
				GCC_DYNAMIC_NO_PIC = NO;
				GCC_OPTIMIZATION_LEVEL = 0;
				GCC_PREPROCESSOR_DEFINITIONS = (
					"DEBUG=1",
					"$(inherited)",
				);
				GCC_SYMBOLS_PRIVATE_EXTERN = NO;
				GCC_WARN_64_TO_32_BIT_CONVERSION = YES;
				GCC_WARN_ABOUT_RETURN_TYPE = YES_ERROR;
				GCC_WARN_UNDECLARED_SELECTOR = YES;
				GCC_WARN_UNINITIALIZED_AUTOS = YES_AGGRESSIVE;
				GCC_WARN_UNUSED_FUNCTION = YES;
				GCC_WARN_UNUSED_VARIABLE = YES;
				IPHONEOS_DEPLOYMENT_TARGET = 7.1;
				ONLY_ACTIVE_ARCH = YES;
				SDKROOT = iphoneos;
			};
			name = Debug;
		};
		8EC8D11418DB354500CF1CF7 /* Release */ = {
			isa = XCBuildConfiguration;
			buildSettings = {
				ALWAYS_SEARCH_USER_PATHS = NO;
				CLANG_CXX_LANGUAGE_STANDARD = "gnu++0x";
				CLANG_CXX_LIBRARY = "libc++";
				CLANG_ENABLE_MODULES = YES;
				CLANG_ENABLE_OBJC_ARC = YES;
				CLANG_WARN_BOOL_CONVERSION = YES;
				CLANG_WARN_CONSTANT_CONVERSION = YES;
				CLANG_WARN_DIRECT_OBJC_ISA_USAGE = YES_ERROR;
				CLANG_WARN_EMPTY_BODY = YES;
				CLANG_WARN_ENUM_CONVERSION = YES;
				CLANG_WARN_INT_CONVERSION = YES;
				CLANG_WARN_OBJC_ROOT_CLASS = YES_ERROR;
				CLANG_WARN__DUPLICATE_METHOD_MATCH = YES;
				"CODE_SIGN_IDENTITY[sdk=iphoneos*]" = "iPhone Developer";
				COPY_PHASE_STRIP = YES;
				ENABLE_NS_ASSERTIONS = NO;
				GCC_C_LANGUAGE_STANDARD = gnu99;
				GCC_WARN_64_TO_32_BIT_CONVERSION = YES;
				GCC_WARN_ABOUT_RETURN_TYPE = YES_ERROR;
				GCC_WARN_UNDECLARED_SELECTOR = YES;
				GCC_WARN_UNINITIALIZED_AUTOS = YES_AGGRESSIVE;
				GCC_WARN_UNUSED_FUNCTION = YES;
				GCC_WARN_UNUSED_VARIABLE = YES;
				IPHONEOS_DEPLOYMENT_TARGET = 7.1;
				SDKROOT = iphoneos;
				VALIDATE_PRODUCT = YES;
			};
			name = Release;
		};
		8EC8D11618DB354500CF1CF7 /* Debug */ = {
			isa = XCBuildConfiguration;
			buildSettings = {
				ASSETCATALOG_COMPILER_APPICON_NAME = AppIcon;
				ASSETCATALOG_COMPILER_LAUNCHIMAGE_NAME = LaunchImage;
				GCC_PRECOMPILE_PREFIX_HEADER = YES;
				GCC_PREFIX_HEADER = "SectionedTableView/SectionedTableView-Prefix.pch";
				INFOPLIST_FILE = "SectionedTableView/SectionedTableView-Info.plist";
				PRODUCT_NAME = "$(TARGET_NAME)";
				WRAPPER_EXTENSION = app;
			};
			name = Debug;
		};
		8EC8D11718DB354500CF1CF7 /* Release */ = {
			isa = XCBuildConfiguration;
			buildSettings = {
				ASSETCATALOG_COMPILER_APPICON_NAME = AppIcon;
				ASSETCATALOG_COMPILER_LAUNCHIMAGE_NAME = LaunchImage;
				GCC_PRECOMPILE_PREFIX_HEADER = YES;
				GCC_PREFIX_HEADER = "SectionedTableView/SectionedTableView-Prefix.pch";
				INFOPLIST_FILE = "SectionedTableView/SectionedTableView-Info.plist";
				PRODUCT_NAME = "$(TARGET_NAME)";
				WRAPPER_EXTENSION = app;
			};
			name = Release;
		};
		8EC8D11918DB354500CF1CF7 /* Debug */ = {
			isa = XCBuildConfiguration;
			buildSettings = {
				BUNDLE_LOADER = "$(BUILT_PRODUCTS_DIR)/SectionedTableView.app/SectionedTableView";
				FRAMEWORK_SEARCH_PATHS = (
					"$(SDKROOT)/Developer/Library/Frameworks",
					"$(inherited)",
					"$(DEVELOPER_FRAMEWORKS_DIR)",
				);
				GCC_PRECOMPILE_PREFIX_HEADER = YES;
				GCC_PREFIX_HEADER = "SectionedTableView/SectionedTableView-Prefix.pch";
				GCC_PREPROCESSOR_DEFINITIONS = (
					"DEBUG=1",
					"$(inherited)",
				);
				INFOPLIST_FILE = "SectionedTableViewTests/SectionedTableViewTests-Info.plist";
				PRODUCT_NAME = "$(TARGET_NAME)";
				TEST_HOST = "$(BUNDLE_LOADER)";
				WRAPPER_EXTENSION = xctest;
			};
			name = Debug;
		};
		8EC8D11A18DB354500CF1CF7 /* Release */ = {
			isa = XCBuildConfiguration;
			buildSettings = {
				BUNDLE_LOADER = "$(BUILT_PRODUCTS_DIR)/SectionedTableView.app/SectionedTableView";
				FRAMEWORK_SEARCH_PATHS = (
					"$(SDKROOT)/Developer/Library/Frameworks",
					"$(inherited)",
					"$(DEVELOPER_FRAMEWORKS_DIR)",
				);
				GCC_PRECOMPILE_PREFIX_HEADER = YES;
				GCC_PREFIX_HEADER = "SectionedTableView/SectionedTableView-Prefix.pch";
				INFOPLIST_FILE = "SectionedTableViewTests/SectionedTableViewTests-Info.plist";
				PRODUCT_NAME = "$(TARGET_NAME)";
				TEST_HOST = "$(BUNDLE_LOADER)";
				WRAPPER_EXTENSION = xctest;
			};
			name = Release;
		};
/* End XCBuildConfiguration section */

/* Begin XCConfigurationList section */
		8EC8D0DE18DB354400CF1CF7 /* Build configuration list for PBXProject "SectionedTableView" */ = {
			isa = XCConfigurationList;
			buildConfigurations = (
				8EC8D11318DB354500CF1CF7 /* Debug */,
				8EC8D11418DB354500CF1CF7 /* Release */,
			);
			defaultConfigurationIsVisible = 0;
			defaultConfigurationName = Release;
		};
		8EC8D11518DB354500CF1CF7 /* Build configuration list for PBXNativeTarget "SectionedTableView" */ = {
			isa = XCConfigurationList;
			buildConfigurations = (
				8EC8D11618DB354500CF1CF7 /* Debug */,
				8EC8D11718DB354500CF1CF7 /* Release */,
			);
			defaultConfigurationIsVisible = 0;
		};
		8EC8D11818DB354500CF1CF7 /* Build configuration list for PBXNativeTarget "SectionedTableViewTests" */ = {
			isa = XCConfigurationList;
			buildConfigurations = (
				8EC8D11918DB354500CF1CF7 /* Debug */,
				8EC8D11A18DB354500CF1CF7 /* Release */,
			);
			defaultConfigurationIsVisible = 0;
		};
/* End XCConfigurationList section */
	};
	rootObject = 8EC8D0DB18DB354400CF1CF7 /* Project object */;
}
